
Microsoft Visual Studio Solution File, Format Version 12.00
# Visual Studio Version 17
VisualStudioVersion = 17.12.35506.116
MinimumVisualStudioVersion = 10.0.40219.1
Project("{2150E333-8FDC-42A3-9474-1A3956D46DE8}") = "Task0", "Task0", "{A89C4AB3-13CF-40CC-BBE5-BF6FB0898CF6}"
EndProject
Project("{FAE04EC0-301F-11D3-BF4B-00C04F79EFBC}") = "Tyuiu.NoskovVI.Sprint6.Task0.V9.Lib", "Tyuiu.NoskovVI.Sprint6.Task0.V9.Lib\Tyuiu.NoskovVI.Sprint6.Task0.V9.Lib.csproj", "{359FAAAA-3A65-4D23-A26E-97B2B7FCFAEC}"
EndProject
Project("{FAE04EC0-301F-11D3-BF4B-00C04F79EFBC}") = "Tyuiu.NoskovVI.Sprint6.Task0.V9.Test", "Tyuiu.NoskovVI.Sprint6.Task0.V9.Test\Tyuiu.NoskovVI.Sprint6.Task0.V9.Test.csproj", "{8740C2EA-D024-4C05-9E29-FE3B1058E239}"
EndProject
Project("{FAE04EC0-301F-11D3-BF4B-00C04F79EFBC}") = "Tyuiu.NoskovVI.Sprint6.Task0.V9", "Tyuiu.NoskovVI.Sprint6.Task0.V9\Tyuiu.NoskovVI.Sprint6.Task0.V9.csproj", "{2481F6DC-99AC-4CC4-9D98-6A094CCC0060}"
EndProject
Project("{2150E333-8FDC-42A3-9474-1A3956D46DE8}") = "Task1", "Task1", "{C1D65894-64DA-422F-87F2-00D6001DEBE7}"
EndProject
Project("{FAE04EC0-301F-11D3-BF4B-00C04F79EFBC}") = "Tyuiu.NoskovVI.Sprint6.Task1.V3.Lib", "Tyuiu.NoskovVI.Sprint6.Task1.V3.Lib\Tyuiu.NoskovVI.Sprint6.Task1.V3.Lib.csproj", "{B45975F9-6907-48A7-B76B-75FBA04AFE19}"
EndProject
Project("{FAE04EC0-301F-11D3-BF4B-00C04F79EFBC}") = "Tyuiu.NoskovVI.Sprint6.Task1.V3.Test", "Tyuiu.NoskovVI.Sprint6.Task1.V3.Test\Tyuiu.NoskovVI.Sprint6.Task1.V3.Test.csproj", "{E11E5A32-31BA-4EBD-8ABB-CA8BFC61607F}"
EndProject
Project("{FAE04EC0-301F-11D3-BF4B-00C04F79EFBC}") = "Tyuiu.NoskovVI.Sprint6.Task1.V3", "Tyuiu.NoskovVI.Sprint6.Task1.V3\Tyuiu.NoskovVI.Sprint6.Task1.V3.csproj", "{CFDAB270-D347-47EB-B38F-C0150C717A84}"
EndProject
Project("{2150E333-8FDC-42A3-9474-1A3956D46DE8}") = "Task2", "Task2", "{B0B422D3-B2A5-4413-A932-5580BB0D0830}"
EndProject
Project("{FAE04EC0-301F-11D3-BF4B-00C04F79EFBC}") = "Tyuiu.NoskovVI.Sprint6.Task2.V27", "Tyuiu.NoskovVI.Sprint6.Task2.V27\Tyuiu.NoskovVI.Sprint6.Task2.V27.csproj", "{ED9A76B6-FA55-4C39-B56A-D2F967661EFF}"
EndProject
Project("{FAE04EC0-301F-11D3-BF4B-00C04F79EFBC}") = "Tyuiu.NoskovVI.Sprint6.Task2.V27.Lib", "Tyuiu.NoskovVI.Sprint6.Task2.V27.Lib\Tyuiu.NoskovVI.Sprint6.Task2.V27.Lib.csproj", "{F7B5D5F1-01DD-4836-9D4F-9808D5E1592C}"
EndProject
Project("{FAE04EC0-301F-11D3-BF4B-00C04F79EFBC}") = "Tyuiu.NoskovVI.Sprint6.Task2.V27.Test", "Tyuiu.NoskovVI.Sprint6.Task2.V27.Test\Tyuiu.NoskovVI.Sprint6.Task2.V27.Test.csproj", "{48358E46-2581-4392-B030-B36FD5E0C8B6}"
EndProject
Project("{2150E333-8FDC-42A3-9474-1A3956D46DE8}") = "Task3", "Task3", "{7B28874D-3BFA-4D79-BC03-18E189461472}"
EndProject
Project("{FAE04EC0-301F-11D3-BF4B-00C04F79EFBC}") = "Tyuiu.NoskovVI.Sprint6.Task3.V25.Lib", "Tyuiu.NoskovVI.Sprint6.Task3.V25.Lib\Tyuiu.NoskovVI.Sprint6.Task3.V25.Lib.csproj", "{C2F76156-C745-4D03-A29E-ACF01B5EA527}"
EndProject
Project("{FAE04EC0-301F-11D3-BF4B-00C04F79EFBC}") = "Tyuiu.NoskovVI.Sprint6.Task3.V25.Test", "Tyuiu.NoskovVI.Sprint6.Task3.V25.Test\Tyuiu.NoskovVI.Sprint6.Task3.V25.Test.csproj", "{FD992520-9509-4B6C-89A8-97AC8AC12CF7}"
EndProject
Project("{FAE04EC0-301F-11D3-BF4B-00C04F79EFBC}") = "Tyuiu.NoskovVI.Sprint6.Task3.V25", "Tyuiu.NoskovVI.Sprint6.Task3.V25\Tyuiu.NoskovVI.Sprint6.Task3.V25.csproj", "{54378243-C9F3-4910-8609-67D64755E22B}"
EndProject
Project("{2150E333-8FDC-42A3-9474-1A3956D46DE8}") = "Task4", "Task4", "{F7A2EC20-1871-4308-9C29-F6C5B9A2B13C}"
EndProject
Project("{FAE04EC0-301F-11D3-BF4B-00C04F79EFBC}") = "Tyuiu.NoskovVI.Sprint6.Task4.V19.Lib", "Tyuiu.NoskovVI.Sprint6.Task4.V19.Lib\Tyuiu.NoskovVI.Sprint6.Task4.V19.Lib.csproj", "{C5288C66-2FC8-4CDB-BEFD-1819FE52DAAD}"
EndProject
Project("{FAE04EC0-301F-11D3-BF4B-00C04F79EFBC}") = "Tyuiu.NoskovVI.Sprint6.Task4.V19.Test", "Tyuiu.NoskovVI.Sprint6.Task4.V19.Test\Tyuiu.NoskovVI.Sprint6.Task4.V19.Test.csproj", "{72065670-0068-4B1A-A841-DAB357BFCF92}"
EndProject
Project("{FAE04EC0-301F-11D3-BF4B-00C04F79EFBC}") = "Tyuiu.NoskovVI.Sprint6.Task4.V19", "Tyuiu.NoskovVI.Sprint6.Task4.V19\Tyuiu.NoskovVI.Sprint6.Task4.V19.csproj", "{4221063B-A184-4A7C-B8E9-DC2AE0D30817}"
EndProject
Global
	GlobalSection(SolutionConfigurationPlatforms) = preSolution
		Debug|Any CPU = Debug|Any CPU
		Release|Any CPU = Release|Any CPU
	EndGlobalSection
	GlobalSection(ProjectConfigurationPlatforms) = postSolution
		{359FAAAA-3A65-4D23-A26E-97B2B7FCFAEC}.Debug|Any CPU.ActiveCfg = Debug|Any CPU
		{359FAAAA-3A65-4D23-A26E-97B2B7FCFAEC}.Debug|Any CPU.Build.0 = Debug|Any CPU
		{359FAAAA-3A65-4D23-A26E-97B2B7FCFAEC}.Release|Any CPU.ActiveCfg = Release|Any CPU
		{359FAAAA-3A65-4D23-A26E-97B2B7FCFAEC}.Release|Any CPU.Build.0 = Release|Any CPU
		{8740C2EA-D024-4C05-9E29-FE3B1058E239}.Debug|Any CPU.ActiveCfg = Debug|Any CPU
		{8740C2EA-D024-4C05-9E29-FE3B1058E239}.Debug|Any CPU.Build.0 = Debug|Any CPU
		{8740C2EA-D024-4C05-9E29-FE3B1058E239}.Release|Any CPU.ActiveCfg = Release|Any CPU
		{8740C2EA-D024-4C05-9E29-FE3B1058E239}.Release|Any CPU.Build.0 = Release|Any CPU
		{2481F6DC-99AC-4CC4-9D98-6A094CCC0060}.Debug|Any CPU.ActiveCfg = Debug|Any CPU
		{2481F6DC-99AC-4CC4-9D98-6A094CCC0060}.Debug|Any CPU.Build.0 = Debug|Any CPU
		{2481F6DC-99AC-4CC4-9D98-6A094CCC0060}.Release|Any CPU.ActiveCfg = Release|Any CPU
		{2481F6DC-99AC-4CC4-9D98-6A094CCC0060}.Release|Any CPU.Build.0 = Release|Any CPU
		{B45975F9-6907-48A7-B76B-75FBA04AFE19}.Debug|Any CPU.ActiveCfg = Debug|Any CPU
		{B45975F9-6907-48A7-B76B-75FBA04AFE19}.Debug|Any CPU.Build.0 = Debug|Any CPU
		{B45975F9-6907-48A7-B76B-75FBA04AFE19}.Release|Any CPU.ActiveCfg = Release|Any CPU
		{B45975F9-6907-48A7-B76B-75FBA04AFE19}.Release|Any CPU.Build.0 = Release|Any CPU
		{E11E5A32-31BA-4EBD-8ABB-CA8BFC61607F}.Debug|Any CPU.ActiveCfg = Debug|Any CPU
		{E11E5A32-31BA-4EBD-8ABB-CA8BFC61607F}.Debug|Any CPU.Build.0 = Debug|Any CPU
		{E11E5A32-31BA-4EBD-8ABB-CA8BFC61607F}.Release|Any CPU.ActiveCfg = Release|Any CPU
		{E11E5A32-31BA-4EBD-8ABB-CA8BFC61607F}.Release|Any CPU.Build.0 = Release|Any CPU
		{CFDAB270-D347-47EB-B38F-C0150C717A84}.Debug|Any CPU.ActiveCfg = Debug|Any CPU
		{CFDAB270-D347-47EB-B38F-C0150C717A84}.Debug|Any CPU.Build.0 = Debug|Any CPU
		{CFDAB270-D347-47EB-B38F-C0150C717A84}.Release|Any CPU.ActiveCfg = Release|Any CPU
		{CFDAB270-D347-47EB-B38F-C0150C717A84}.Release|Any CPU.Build.0 = Release|Any CPU
		{ED9A76B6-FA55-4C39-B56A-D2F967661EFF}.Debug|Any CPU.ActiveCfg = Debug|Any CPU
		{ED9A76B6-FA55-4C39-B56A-D2F967661EFF}.Debug|Any CPU.Build.0 = Debug|Any CPU
		{ED9A76B6-FA55-4C39-B56A-D2F967661EFF}.Release|Any CPU.ActiveCfg = Release|Any CPU
		{ED9A76B6-FA55-4C39-B56A-D2F967661EFF}.Release|Any CPU.Build.0 = Release|Any CPU
		{F7B5D5F1-01DD-4836-9D4F-9808D5E1592C}.Debug|Any CPU.ActiveCfg = Debug|Any CPU
		{F7B5D5F1-01DD-4836-9D4F-9808D5E1592C}.Debug|Any CPU.Build.0 = Debug|Any CPU
		{F7B5D5F1-01DD-4836-9D4F-9808D5E1592C}.Release|Any CPU.ActiveCfg = Release|Any CPU
		{F7B5D5F1-01DD-4836-9D4F-9808D5E1592C}.Release|Any CPU.Build.0 = Release|Any CPU
		{48358E46-2581-4392-B030-B36FD5E0C8B6}.Debug|Any CPU.ActiveCfg = Debug|Any CPU
		{48358E46-2581-4392-B030-B36FD5E0C8B6}.Debug|Any CPU.Build.0 = Debug|Any CPU
		{48358E46-2581-4392-B030-B36FD5E0C8B6}.Release|Any CPU.ActiveCfg = Release|Any CPU
		{48358E46-2581-4392-B030-B36FD5E0C8B6}.Release|Any CPU.Build.0 = Release|Any CPU
		{C2F76156-C745-4D03-A29E-ACF01B5EA527}.Debug|Any CPU.ActiveCfg = Debug|Any CPU
		{C2F76156-C745-4D03-A29E-ACF01B5EA527}.Debug|Any CPU.Build.0 = Debug|Any CPU
		{C2F76156-C745-4D03-A29E-ACF01B5EA527}.Release|Any CPU.ActiveCfg = Release|Any CPU
		{C2F76156-C745-4D03-A29E-ACF01B5EA527}.Release|Any CPU.Build.0 = Release|Any CPU
		{FD992520-9509-4B6C-89A8-97AC8AC12CF7}.Debug|Any CPU.ActiveCfg = Debug|Any CPU
		{FD992520-9509-4B6C-89A8-97AC8AC12CF7}.Debug|Any CPU.Build.0 = Debug|Any CPU
		{FD992520-9509-4B6C-89A8-97AC8AC12CF7}.Release|Any CPU.ActiveCfg = Release|Any CPU
		{FD992520-9509-4B6C-89A8-97AC8AC12CF7}.Release|Any CPU.Build.0 = Release|Any CPU
		{54378243-C9F3-4910-8609-67D64755E22B}.Debug|Any CPU.ActiveCfg = Debug|Any CPU
		{54378243-C9F3-4910-8609-67D64755E22B}.Debug|Any CPU.Build.0 = Debug|Any CPU
		{54378243-C9F3-4910-8609-67D64755E22B}.Release|Any CPU.ActiveCfg = Release|Any CPU
		{54378243-C9F3-4910-8609-67D64755E22B}.Release|Any CPU.Build.0 = Release|Any CPU
		{C5288C66-2FC8-4CDB-BEFD-1819FE52DAAD}.Debug|Any CPU.ActiveCfg = Debug|Any CPU
		{C5288C66-2FC8-4CDB-BEFD-1819FE52DAAD}.Debug|Any CPU.Build.0 = Debug|Any CPU
		{C5288C66-2FC8-4CDB-BEFD-1819FE52DAAD}.Release|Any CPU.ActiveCfg = Release|Any CPU
		{C5288C66-2FC8-4CDB-BEFD-1819FE52DAAD}.Release|Any CPU.Build.0 = Release|Any CPU
		{72065670-0068-4B1A-A841-DAB357BFCF92}.Debug|Any CPU.ActiveCfg = Debug|Any CPU
		{72065670-0068-4B1A-A841-DAB357BFCF92}.Debug|Any CPU.Build.0 = Debug|Any CPU
		{72065670-0068-4B1A-A841-DAB357BFCF92}.Release|Any CPU.ActiveCfg = Release|Any CPU
		{72065670-0068-4B1A-A841-DAB357BFCF92}.Release|Any CPU.Build.0 = Release|Any CPU
		{4221063B-A184-4A7C-B8E9-DC2AE0D30817}.Debug|Any CPU.ActiveCfg = Debug|Any CPU
		{4221063B-A184-4A7C-B8E9-DC2AE0D30817}.Debug|Any CPU.Build.0 = Debug|Any CPU
		{4221063B-A184-4A7C-B8E9-DC2AE0D30817}.Release|Any CPU.ActiveCfg = Release|Any CPU
		{4221063B-A184-4A7C-B8E9-DC2AE0D30817}.Release|Any CPU.Build.0 = Release|Any CPU
	EndGlobalSection
	GlobalSection(SolutionProperties) = preSolution
		HideSolutionNode = FALSE
	EndGlobalSection
	GlobalSection(NestedProjects) = preSolution
		{359FAAAA-3A65-4D23-A26E-97B2B7FCFAEC} = {A89C4AB3-13CF-40CC-BBE5-BF6FB0898CF6}
		{8740C2EA-D024-4C05-9E29-FE3B1058E239} = {A89C4AB3-13CF-40CC-BBE5-BF6FB0898CF6}
		{2481F6DC-99AC-4CC4-9D98-6A094CCC0060} = {A89C4AB3-13CF-40CC-BBE5-BF6FB0898CF6}
		{B45975F9-6907-48A7-B76B-75FBA04AFE19} = {C1D65894-64DA-422F-87F2-00D6001DEBE7}
		{E11E5A32-31BA-4EBD-8ABB-CA8BFC61607F} = {C1D65894-64DA-422F-87F2-00D6001DEBE7}
		{CFDAB270-D347-47EB-B38F-C0150C717A84} = {C1D65894-64DA-422F-87F2-00D6001DEBE7}
		{ED9A76B6-FA55-4C39-B56A-D2F967661EFF} = {B0B422D3-B2A5-4413-A932-5580BB0D0830}
		{F7B5D5F1-01DD-4836-9D4F-9808D5E1592C} = {B0B422D3-B2A5-4413-A932-5580BB0D0830}
		{48358E46-2581-4392-B030-B36FD5E0C8B6} = {B0B422D3-B2A5-4413-A932-5580BB0D0830}
		{C2F76156-C745-4D03-A29E-ACF01B5EA527} = {7B28874D-3BFA-4D79-BC03-18E189461472}
		{FD992520-9509-4B6C-89A8-97AC8AC12CF7} = {7B28874D-3BFA-4D79-BC03-18E189461472}
		{54378243-C9F3-4910-8609-67D64755E22B} = {7B28874D-3BFA-4D79-BC03-18E189461472}
		{C5288C66-2FC8-4CDB-BEFD-1819FE52DAAD} = {F7A2EC20-1871-4308-9C29-F6C5B9A2B13C}
		{72065670-0068-4B1A-A841-DAB357BFCF92} = {F7A2EC20-1871-4308-9C29-F6C5B9A2B13C}
		{4221063B-A184-4A7C-B8E9-DC2AE0D30817} = {F7A2EC20-1871-4308-9C29-F6C5B9A2B13C}
	EndGlobalSection
EndGlobal
